hash: 8630472ce48bd792a1545d6268596f3c76c4da98bb4d4a25be079672ba51ab1e
updated: 2016-06-19T18:59:08.779545111-07:00
imports:
- name: github.com/aws/aws-sdk-go
  version: d3b6d25135b4e09ecd39ea3c2a5cad35279b0515
  subpackages:
  - aws
  - aws/session
  - service/sqs
  - aws/awserr
  - aws/credentials
  - aws/client
  - aws/corehandlers
  - aws/defaults
  - aws/request
  - private/endpoints
  - aws/awsutil
  - aws/client/metadata
  - private/protocol
  - private/protocol/query
  - private/signer/v4
  - aws/credentials/ec2rolecreds
  - aws/ec2metadata
  - private/protocol/query/queryutil
  - private/protocol/xml/xmlutil
  - private/protocol/rest
- name: github.com/go-ini/ini
  version: 72ba3e6b9e6b87e0c74c9a7a4dc86e8dd8ba4355
- name: github.com/gogo/protobuf
  version: 2752d97bbd91927dd1c43296dbf8700e50e2708c
  subpackages:
  - proto
  - sortkeys
- name: github.com/golang/snappy
  version: d9eb7a3d35ec988b8585d4a0068e462c27d28380
- name: github.com/gopherjs/gopherjs
  version: a727a4a1dd2f292e948cebe6ec9aef1a7863f145
  subpackages:
  - js
- name: github.com/jmespath/go-jmespath
  version: 0b12d6b521d83fc7f755e7cfc1b1fbdd35a01a74
- name: github.com/jmhodges/levigo
  version: 1ddad808d437abb2b8a55a950ec2616caa88969b
- name: github.com/jtolds/gls
  version: 8ddce2a84170772b95dd5d576c48d517b22cac63
- name: github.com/op/go-logging
  version: 970db520ece77730c7e4724c61121037378659d9
- name: github.com/smartystreets/assertions
  version: 40711f7748186bbf9c99977cd89f21ce1a229447
  subpackages:
  - internal/go-render/render
  - internal/oglematchers
- name: github.com/smartystreets/goconvey
  version: c53abc99456fa3402dd33c15ee51c3e545e04a3f
  subpackages:
  - convey
  - convey/reporting
  - convey/gotest
- name: github.com/syndtr/goleveldb
  version: fa5b5c78794bc5c18f330361059f871ae8c2b9d6
  subpackages:
  - leveldb
  - leveldb/iterator
  - leveldb/opt
  - leveldb/util
  - leveldb/cache
  - leveldb/comparer
  - leveldb/errors
  - leveldb/filter
  - leveldb/journal
  - leveldb/memdb
  - leveldb/storage
  - leveldb/table
devImports: []
